
Microsoft Visual Studio Solution File, Format Version 12.00
# Visual Studio 14
VisualStudioVersion = 14.0.25420.1
MinimumVisualStudioVersion = 10.0.40219.1
Project("{FAE04EC0-301F-11D3-BF4B-00C04F79EFBC}") = "Alpha.Web", "Alpha.Web\Alpha.Web.csproj", "{7D852D34-9720-4594-98A8-E50EAE82F6D2}"
EndProject
Project("{00D1A9C2-B5F0-4AF3-8072-F6C62B433612}") = "Alpha.Database", "Alpha.Database\Alpha.Database.sqlproj", "{D2120119-1B2E-4938-98C5-AD334B23B2A7}"
EndProject
Project("{FAE04EC0-301F-11D3-BF4B-00C04F79EFBC}") = "Alpha.Data", "Alpha.Data\Alpha.Data.csproj", "{F533379D-F99E-43C1-A062-4EF4BA92C415}"
EndProject
Project("{FAE04EC0-301F-11D3-BF4B-00C04F79EFBC}") = "Alpha.DataAccess", "Alpha.DataAccess\Alpha.DataAccess.csproj", "{3856EA08-4557-4A0E-AC84-A032633B675D}"
EndProject
Project("{FAE04EC0-301F-11D3-BF4B-00C04F79EFBC}") = "Alpha.DataAccessObject", "Alpha.DataAccessObject\Alpha.DataAccessObject.csproj", "{B0423661-662B-4D23-A543-99BF05241AF7}"
EndProject
Project("{FAE04EC0-301F-11D3-BF4B-00C04F79EFBC}") = "Alpha.EmailService", "Alpha.EmailService\Alpha.EmailService.csproj", "{4D31753C-A767-431E-93B2-AEF1120781A5}"
EndProject
Project("{FAE04EC0-301F-11D3-BF4B-00C04F79EFBC}") = "Alpha.Facade", "Alpha.Facade\Alpha.Facade.csproj", "{FDC7081D-1128-48A3-B0DE-11D721BFE8DF}"
EndProject
Project("{FAE04EC0-301F-11D3-BF4B-00C04F79EFBC}") = "Alpha.Logging", "Alpha.Logging\Alpha.Logging.csproj", "{A44A15FC-C359-4D95-BE0A-46E5ECDDDBED}"
EndProject
Global
	GlobalSection(SolutionConfigurationPlatforms) = preSolution
		Debug|Any CPU = Debug|Any CPU
		Release|Any CPU = Release|Any CPU
	EndGlobalSection
	GlobalSection(ProjectConfigurationPlatforms) = postSolution
		{7D852D34-9720-4594-98A8-E50EAE82F6D2}.Debug|Any CPU.ActiveCfg = Debug|Any CPU
		{7D852D34-9720-4594-98A8-E50EAE82F6D2}.Debug|Any CPU.Build.0 = Debug|Any CPU
		{7D852D34-9720-4594-98A8-E50EAE82F6D2}.Release|Any CPU.ActiveCfg = Release|Any CPU
		{7D852D34-9720-4594-98A8-E50EAE82F6D2}.Release|Any CPU.Build.0 = Release|Any CPU
		{D2120119-1B2E-4938-98C5-AD334B23B2A7}.Debug|Any CPU.ActiveCfg = Debug|Any CPU
		{D2120119-1B2E-4938-98C5-AD334B23B2A7}.Debug|Any CPU.Build.0 = Debug|Any CPU
		{D2120119-1B2E-4938-98C5-AD334B23B2A7}.Debug|Any CPU.Deploy.0 = Debug|Any CPU
		{D2120119-1B2E-4938-98C5-AD334B23B2A7}.Release|Any CPU.ActiveCfg = Release|Any CPU
		{D2120119-1B2E-4938-98C5-AD334B23B2A7}.Release|Any CPU.Build.0 = Release|Any CPU
		{D2120119-1B2E-4938-98C5-AD334B23B2A7}.Release|Any CPU.Deploy.0 = Release|Any CPU
		{F533379D-F99E-43C1-A062-4EF4BA92C415}.Debug|Any CPU.ActiveCfg = Debug|Any CPU
		{F533379D-F99E-43C1-A062-4EF4BA92C415}.Debug|Any CPU.Build.0 = Debug|Any CPU
		{F533379D-F99E-43C1-A062-4EF4BA92C415}.Release|Any CPU.ActiveCfg = Release|Any CPU
		{F533379D-F99E-43C1-A062-4EF4BA92C415}.Release|Any CPU.Build.0 = Release|Any CPU
		{3856EA08-4557-4A0E-AC84-A032633B675D}.Debug|Any CPU.ActiveCfg = Debug|Any CPU
		{3856EA08-4557-4A0E-AC84-A032633B675D}.Debug|Any CPU.Build.0 = Debug|Any CPU
		{3856EA08-4557-4A0E-AC84-A032633B675D}.Release|Any CPU.ActiveCfg = Release|Any CPU
		{3856EA08-4557-4A0E-AC84-A032633B675D}.Release|Any CPU.Build.0 = Release|Any CPU
		{B0423661-662B-4D23-A543-99BF05241AF7}.Debug|Any CPU.ActiveCfg = Debug|Any CPU
		{B0423661-662B-4D23-A543-99BF05241AF7}.Debug|Any CPU.Build.0 = Debug|Any CPU
		{B0423661-662B-4D23-A543-99BF05241AF7}.Release|Any CPU.ActiveCfg = Release|Any CPU
		{B0423661-662B-4D23-A543-99BF05241AF7}.Release|Any CPU.Build.0 = Release|Any CPU
		{4D31753C-A767-431E-93B2-AEF1120781A5}.Debug|Any CPU.ActiveCfg = Debug|Any CPU
		{4D31753C-A767-431E-93B2-AEF1120781A5}.Debug|Any CPU.Build.0 = Debug|Any CPU
		{4D31753C-A767-431E-93B2-AEF1120781A5}.Release|Any CPU.ActiveCfg = Release|Any CPU
		{4D31753C-A767-431E-93B2-AEF1120781A5}.Release|Any CPU.Build.0 = Release|Any CPU
		{FDC7081D-1128-48A3-B0DE-11D721BFE8DF}.Debug|Any CPU.ActiveCfg = Debug|Any CPU
		{FDC7081D-1128-48A3-B0DE-11D721BFE8DF}.Debug|Any CPU.Build.0 = Debug|Any CPU
		{FDC7081D-1128-48A3-B0DE-11D721BFE8DF}.Release|Any CPU.ActiveCfg = Release|Any CPU
		{FDC7081D-1128-48A3-B0DE-11D721BFE8DF}.Release|Any CPU.Build.0 = Release|Any CPU
		{A44A15FC-C359-4D95-BE0A-46E5ECDDDBED}.Debug|Any CPU.ActiveCfg = Debug|Any CPU
		{A44A15FC-C359-4D95-BE0A-46E5ECDDDBED}.Debug|Any CPU.Build.0 = Debug|Any CPU
		{A44A15FC-C359-4D95-BE0A-46E5ECDDDBED}.Release|Any CPU.ActiveCfg = Release|Any CPU
		{A44A15FC-C359-4D95-BE0A-46E5ECDDDBED}.Release|Any CPU.Build.0 = Release|Any CPU
	EndGlobalSection
	GlobalSection(SolutionProperties) = preSolution
		HideSolutionNode = FALSE
	EndGlobalSection
EndGlobal
